
Microsoft Visual Studio Solution File, Format Version 12.00
Project("{2150E333-8FDC-42A3-9474-1A3956D46DE8}") = "src", "src", "{044D8F5B-9DF3-4C9F-B8F6-115420728902}"
EndProject
Project("{2150E333-8FDC-42A3-9474-1A3956D46DE8}") = "tests", "tests", "{FB50B3DE-B661-4252-8EBC-D0166A5CCA64}"
EndProject
Project("{2150E333-8FDC-42A3-9474-1A3956D46DE8}") = "benchmarks", "benchmarks", "{3FE0C27F-17C8-4EA4-926A-027D4833BCA7}"
EndProject
Project("{FAE04EC0-301F-11D3-BF4B-00C04F79EFBC}") = "Domain", "Domain\Domain.csproj", "{36485310-81DD-41F0-989F-EA9F1456F669}"
EndProject
Project("{FAE04EC0-301F-11D3-BF4B-00C04F79EFBC}") = "Application", "Application\Application.csproj", "{C73B6492-3FAF-48C6-A5D8-249F16D64BCC}"
EndProject
Project("{FAE04EC0-301F-11D3-BF4B-00C04F79EFBC}") = "Infrastructure", "Infrastructure\Infrastructure.csproj", "{27DF8F8B-94B2-4545-8523-2D122AD03F37}"
EndProject
Project("{FAE04EC0-301F-11D3-BF4B-00C04F79EFBC}") = "Infrastructure.Newtonsoft.Json", "Infrastructure.Newtonsoft.Json\Infrastructure.Newtonsoft.Json.csproj", "{4D689A5D-BE0B-4A9A-A07D-7C673AC1979E}"
EndProject
Project("{FAE04EC0-301F-11D3-BF4B-00C04F79EFBC}") = "Application.UnitTests", "Application.UnitTests\Application.UnitTests.csproj", "{958867DF-8ACC-4741-97BB-594273EFBC53}"
EndProject
Project("{FAE04EC0-301F-11D3-BF4B-00C04F79EFBC}") = "Benchmarks", "Benchmarks\Benchmarks.csproj", "{5F93E58A-6A7C-40C7-BD8C-AE6CFA0B811C}"
EndProject
Global
	GlobalSection(SolutionConfigurationPlatforms) = preSolution
		Debug|Any CPU = Debug|Any CPU
		Release|Any CPU = Release|Any CPU
	EndGlobalSection
	GlobalSection(NestedProjects) = preSolution
		{36485310-81DD-41F0-989F-EA9F1456F669} = {044D8F5B-9DF3-4C9F-B8F6-115420728902}
		{C73B6492-3FAF-48C6-A5D8-249F16D64BCC} = {044D8F5B-9DF3-4C9F-B8F6-115420728902}
		{27DF8F8B-94B2-4545-8523-2D122AD03F37} = {044D8F5B-9DF3-4C9F-B8F6-115420728902}
		{4D689A5D-BE0B-4A9A-A07D-7C673AC1979E} = {044D8F5B-9DF3-4C9F-B8F6-115420728902}
		{958867DF-8ACC-4741-97BB-594273EFBC53} = {FB50B3DE-B661-4252-8EBC-D0166A5CCA64}
		{5F93E58A-6A7C-40C7-BD8C-AE6CFA0B811C} = {3FE0C27F-17C8-4EA4-926A-027D4833BCA7}
	EndGlobalSection
	GlobalSection(ProjectConfigurationPlatforms) = postSolution
		{36485310-81DD-41F0-989F-EA9F1456F669}.Debug|Any CPU.ActiveCfg = Debug|Any CPU
		{36485310-81DD-41F0-989F-EA9F1456F669}.Debug|Any CPU.Build.0 = Debug|Any CPU
		{36485310-81DD-41F0-989F-EA9F1456F669}.Release|Any CPU.ActiveCfg = Release|Any CPU
		{36485310-81DD-41F0-989F-EA9F1456F669}.Release|Any CPU.Build.0 = Release|Any CPU
		{C73B6492-3FAF-48C6-A5D8-249F16D64BCC}.Debug|Any CPU.ActiveCfg = Debug|Any CPU
		{C73B6492-3FAF-48C6-A5D8-249F16D64BCC}.Debug|Any CPU.Build.0 = Debug|Any CPU
		{C73B6492-3FAF-48C6-A5D8-249F16D64BCC}.Release|Any CPU.ActiveCfg = Release|Any CPU
		{C73B6492-3FAF-48C6-A5D8-249F16D64BCC}.Release|Any CPU.Build.0 = Release|Any CPU
		{27DF8F8B-94B2-4545-8523-2D122AD03F37}.Debug|Any CPU.ActiveCfg = Debug|Any CPU
		{27DF8F8B-94B2-4545-8523-2D122AD03F37}.Debug|Any CPU.Build.0 = Debug|Any CPU
		{27DF8F8B-94B2-4545-8523-2D122AD03F37}.Release|Any CPU.ActiveCfg = Release|Any CPU
		{27DF8F8B-94B2-4545-8523-2D122AD03F37}.Release|Any CPU.Build.0 = Release|Any CPU
		{4D689A5D-BE0B-4A9A-A07D-7C673AC1979E}.Debug|Any CPU.ActiveCfg = Debug|Any CPU
		{4D689A5D-BE0B-4A9A-A07D-7C673AC1979E}.Debug|Any CPU.Build.0 = Debug|Any CPU
		{4D689A5D-BE0B-4A9A-A07D-7C673AC1979E}.Release|Any CPU.ActiveCfg = Release|Any CPU
		{4D689A5D-BE0B-4A9A-A07D-7C673AC1979E}.Release|Any CPU.Build.0 = Release|Any CPU
		{958867DF-8ACC-4741-97BB-594273EFBC53}.Debug|Any CPU.ActiveCfg = Debug|Any CPU
		{958867DF-8ACC-4741-97BB-594273EFBC53}.Debug|Any CPU.Build.0 = Debug|Any CPU
		{958867DF-8ACC-4741-97BB-594273EFBC53}.Release|Any CPU.ActiveCfg = Release|Any CPU
		{958867DF-8ACC-4741-97BB-594273EFBC53}.Release|Any CPU.Build.0 = Release|Any CPU
		{5F93E58A-6A7C-40C7-BD8C-AE6CFA0B811C}.Debug|Any CPU.ActiveCfg = Debug|Any CPU
		{5F93E58A-6A7C-40C7-BD8C-AE6CFA0B811C}.Debug|Any CPU.Build.0 = Debug|Any CPU
		{5F93E58A-6A7C-40C7-BD8C-AE6CFA0B811C}.Release|Any CPU.ActiveCfg = Release|Any CPU
		{5F93E58A-6A7C-40C7-BD8C-AE6CFA0B811C}.Release|Any CPU.Build.0 = Release|Any CPU
	EndGlobalSection
EndGlobal
